
Microsoft Visual Studio Solution File, Format Version 12.00
# Visual Studio Version 16
VisualStudioVersion = 16.0.30413.136
MinimumVisualStudioVersion = 10.0.40219.1
Project("{9A19103F-16F7-4668-BE54-9A1E7A4F7556}") = "Exercise1", "Session1\Exercise1\Exercise1.csproj", "{F211803B-A33D-41BB-B3A2-A32E3EA9D578}"
EndProject
Project("{9A19103F-16F7-4668-BE54-9A1E7A4F7556}") = "Exercise3", "Session1\Exercise3\Exercise3.csproj", "{63EC0923-8D7D-46F9-94BE-2248F81BE034}"
EndProject
Project("{9A19103F-16F7-4668-BE54-9A1E7A4F7556}") = "Exercise4", "Session1\Exercise4\Exercise4.csproj", "{64FA9535-C999-4696-8B0F-5F3987BB4402}"
EndProject
Project("{9A19103F-16F7-4668-BE54-9A1E7A4F7556}") = "Exercise5", "Session1\Exercise5\Exercise5.csproj", "{FBE847D6-CB1B-4744-98DD-554B2CAEA357}"
EndProject
Project("{9A19103F-16F7-4668-BE54-9A1E7A4F7556}") = "Exercise7", "Session1\Exercise7\Exercise7.csproj", "{A883E4F0-25DB-437C-B6AA-DE68A2286041}"
EndProject
Project("{9A19103F-16F7-4668-BE54-9A1E7A4F7556}") = "Exercise8", "Session1\Exercise8\Exercise8.csproj", "{BB30A135-508B-4580-A0AE-DAC6BE19FF0D}"
EndProject
Project("{9A19103F-16F7-4668-BE54-9A1E7A4F7556}") = "Exercise9", "Session1\Exercise9\Exercise9.csproj", "{EB94EF69-7154-4870-86A7-DA1E87ED7F24}"
EndProject
Project("{9A19103F-16F7-4668-BE54-9A1E7A4F7556}") = "Exercise10", "Session1\Exercise10\Exercise10.csproj", "{1564ECF3-08E7-4283-8E3D-EAD8A1771015}"
EndProject
Project("{9A19103F-16F7-4668-BE54-9A1E7A4F7556}") = "Exercise11", "Session1\Exercise11\Exercise11.csproj", "{F5EAC4BF-3A4E-4AEA-B3F2-639B5794AEEF}"
EndProject
Project("{9A19103F-16F7-4668-BE54-9A1E7A4F7556}") = "Exercise1.5x01", "Session1.5\Exercise01\Exercise1.5x01.csproj", "{F135F21F-4E2A-4AD6-89EA-0F0C0867B6C4}"
EndProject
Project("{9A19103F-16F7-4668-BE54-9A1E7A4F7556}") = "Exercise1.5x03", "Session1.5\Exercise1.5x03\Exercise1.5x03.csproj", "{C76DFE3B-0D02-4981-A0D9-9DC4D36A53FA}"
EndProject
Project("{9A19103F-16F7-4668-BE54-9A1E7A4F7556}") = "Exercise1.5x04", "Session1.5\Exercise1.5x04\Exercise1.5x04.csproj", "{A31970F2-4269-4B52-B07D-7DB4FAE2268C}"
EndProject
Project("{9A19103F-16F7-4668-BE54-9A1E7A4F7556}") = "Exercise2x02", "Session2\Exercise2x02\Exercise2x02.csproj", "{D1B6DA73-0101-4CAB-8750-B00F43800381}"
EndProject
Project("{9A19103F-16F7-4668-BE54-9A1E7A4F7556}") = "Exercise2x04", "Session2\Exercise2x04\Exercise2x04.csproj", "{660D0215-3769-428D-8242-C16FBBCBE115}"
EndProject
Project("{9A19103F-16F7-4668-BE54-9A1E7A4F7556}") = "Exercise2x05", "Session2\Exercise2x05\Exercise2x05.csproj", "{EE4808DB-F235-48F1-9369-D12A849672DD}"
EndProject
Project("{9A19103F-16F7-4668-BE54-9A1E7A4F7556}") = "Exercise2x06", "Session2\Exercise2x06\Exercise2x06.csproj", "{1D64BE4C-CBF8-411B-827B-DFFEA60BEC20}"
EndProject
Project("{9A19103F-16F7-4668-BE54-9A1E7A4F7556}") = "Exercise2.5x01", "Session2.5\Exercise2.5x01\Exercise2.5x01.csproj", "{9B6DCF06-E8E9-439E-99F3-5BA56D9B3F7F}"
EndProject
Project("{9A19103F-16F7-4668-BE54-9A1E7A4F7556}") = "Exercise2.5x02", "Session2.5\Exercise2.5x02\Exercise2.5x02.csproj", "{961D28AB-7B28-4E25-B9B4-29DBC0B6E43F}"
EndProject
Project("{2150E333-8FDC-42A3-9474-1A3956D46DE8}") = "Session2", "Session2", "{0F7BDCCC-566F-462C-99E6-7D230F384776}"
EndProject
Project("{9A19103F-16F7-4668-BE54-9A1E7A4F7556}") = "Exercise2x00", "Session2\Exercise2x00\Exercise2x00.csproj", "{DFD890A9-C5A7-4CE5-ABDA-F3C062774A02}"
EndProject
Project("{2150E333-8FDC-42A3-9474-1A3956D46DE8}") = "Session1", "Session1", "{CB18C793-DA91-48D1-8358-6FC34E461A83}"
EndProject
Project("{2150E333-8FDC-42A3-9474-1A3956D46DE8}") = "Session1.5", "Session1.5", "{3BA5116B-00EC-46B5-823D-B118E1F32F4C}"
EndProject
Project("{2150E333-8FDC-42A3-9474-1A3956D46DE8}") = "Session2.5", "Session2.5", "{56F2AB34-B9D3-42BA-A51F-CDFAD216B9DF}"
EndProject
Project("{2150E333-8FDC-42A3-9474-1A3956D46DE8}") = "Session3", "Session3", "{9374C4E0-69A8-4E89-BCE1-D31A295A8D25}"
EndProject
Project("{9A19103F-16F7-4668-BE54-9A1E7A4F7556}") = "Exercise03x01", "Session3\Exercise03x01\Exercise03x01.csproj", "{684A343D-5D2E-498A-B5EC-D48341392A74}"
EndProject
Project("{9A19103F-16F7-4668-BE54-9A1E7A4F7556}") = "Exercise03x02", "Session3\Exercise03x02\Exercise03x02.csproj", "{1BD119EF-AC73-4A0C-AED8-31848329B472}"
EndProject
Project("{2150E333-8FDC-42A3-9474-1A3956D46DE8}") = "Exercise03x03", "Exercise03x03", "{05F97BCB-8397-42D2-81C3-2C64FE53075A}"
EndProject
Project("{9A19103F-16F7-4668-BE54-9A1E7A4F7556}") = "Server03x03", "Session3\Exercise03x03\Server03x03\Server03x03.csproj", "{C7348C06-FA21-459A-934C-87AD1041B4F9}"
EndProject
Project("{9A19103F-16F7-4668-BE54-9A1E7A4F7556}") = "Client03x03", "Session3\Exercise03x03\Client03x03\Client03x03.csproj", "{82F80F29-25BC-4792-916D-FCEF6473B463}"
EndProject
Project("{2150E333-8FDC-42A3-9474-1A3956D46DE8}") = "Session4_TODO", "Session4_TODO", "{7D40A560-68BC-4C00-AEBB-4C465FCA027C}"
EndProject
Project("{9A19103F-16F7-4668-BE54-9A1E7A4F7556}") = "BlazorApp", "Session4\BlazorApp\BlazorApp.csproj", "{D4B0B60C-E8D9-4717-B534-54620B6127CB}"
EndProject
Project("{9A19103F-16F7-4668-BE54-9A1E7A4F7556}") = "AdvancedTodo", "Session4\AdvancedTodo\AdvancedTodo.csproj", "{56F5A248-2FD3-4353-82C8-AA25A5B8A07A}"
EndProject
Project("{9A19103F-16F7-4668-BE54-9A1E7A4F7556}") = "FourthCoffee", "Session4\FourthCoffee\FourthCoffee.csproj", "{92691B24-AAAB-421F-BAB4-165B760E0DD4}"
EndProject
Project("{2150E333-8FDC-42A3-9474-1A3956D46DE8}") = "Session5", "Session5", "{A6F276C1-5320-4306-9F54-1FD5EE5A6DFF}"
EndProject
Project("{9A19103F-16F7-4668-BE54-9A1E7A4F7556}") = "Auth1", "Session5\Auth1\Auth1.csproj", "{31D09E09-482E-474D-A63B-8D68130C9200}"
EndProject
Project("{9A19103F-16F7-4668-BE54-9A1E7A4F7556}") = "AuthTemplate", "Session5\AuthTemplate\AuthTemplate.csproj", "{7B712BA2-699D-467F-A7EF-489C3057FB00}"
EndProject
Project("{2150E333-8FDC-42A3-9474-1A3956D46DE8}") = "Session8", "Session8", "{70FEEC17-2241-40BD-9E38-773C65FEB4D6}"
EndProject
Project("{9A19103F-16F7-4668-BE54-9A1E7A4F7556}") = "TodosWebAPI", "Session8\TodosWebAPI\TodosWebAPI.csproj", "{9E712C36-3A6D-46C4-B8E9-9CA3D93E2A59}"
EndProject
Project("{2150E333-8FDC-42A3-9474-1A3956D46DE8}") = "Session9", "Session9", "{00151ED0-7236-4DE4-87FA-7095634D8958}"
EndProject
Project("{9A19103F-16F7-4668-BE54-9A1E7A4F7556}") = "ViaExample", "Session9\ViaExample\ViaExample.csproj", "{F65496F9-13FD-4E86-BB51-E278A6C2B489}"
EndProject
Project("{FAE04EC0-301F-11D3-BF4B-00C04F79EFBC}") = "LibraryEF", "Session9\LibraryEF\LibraryEF.csproj", "{B7F4E299-91FE-46FC-B1B7-501BFBA413CC}"
EndProject
Global
	GlobalSection(SolutionConfigurationPlatforms) = preSolution
		Debug|Any CPU = Debug|Any CPU
		Release|Any CPU = Release|Any CPU
	EndGlobalSection
	GlobalSection(ProjectConfigurationPlatforms) = postSolution
		{F211803B-A33D-41BB-B3A2-A32E3EA9D578}.Debug|Any CPU.ActiveCfg = Debug|Any CPU
		{F211803B-A33D-41BB-B3A2-A32E3EA9D578}.Debug|Any CPU.Build.0 = Debug|Any CPU
		{F211803B-A33D-41BB-B3A2-A32E3EA9D578}.Release|Any CPU.ActiveCfg = Release|Any CPU
		{F211803B-A33D-41BB-B3A2-A32E3EA9D578}.Release|Any CPU.Build.0 = Release|Any CPU
		{63EC0923-8D7D-46F9-94BE-2248F81BE034}.Debug|Any CPU.ActiveCfg = Debug|Any CPU
		{63EC0923-8D7D-46F9-94BE-2248F81BE034}.Debug|Any CPU.Build.0 = Debug|Any CPU
		{63EC0923-8D7D-46F9-94BE-2248F81BE034}.Release|Any CPU.ActiveCfg = Release|Any CPU
		{63EC0923-8D7D-46F9-94BE-2248F81BE034}.Release|Any CPU.Build.0 = Release|Any CPU
		{64FA9535-C999-4696-8B0F-5F3987BB4402}.Debug|Any CPU.ActiveCfg = Debug|Any CPU
		{64FA9535-C999-4696-8B0F-5F3987BB4402}.Debug|Any CPU.Build.0 = Debug|Any CPU
		{64FA9535-C999-4696-8B0F-5F3987BB4402}.Release|Any CPU.ActiveCfg = Release|Any CPU
		{64FA9535-C999-4696-8B0F-5F3987BB4402}.Release|Any CPU.Build.0 = Release|Any CPU
		{FBE847D6-CB1B-4744-98DD-554B2CAEA357}.Debug|Any CPU.ActiveCfg = Debug|Any CPU
		{FBE847D6-CB1B-4744-98DD-554B2CAEA357}.Debug|Any CPU.Build.0 = Debug|Any CPU
		{FBE847D6-CB1B-4744-98DD-554B2CAEA357}.Release|Any CPU.ActiveCfg = Release|Any CPU
		{FBE847D6-CB1B-4744-98DD-554B2CAEA357}.Release|Any CPU.Build.0 = Release|Any CPU
		{A883E4F0-25DB-437C-B6AA-DE68A2286041}.Debug|Any CPU.ActiveCfg = Debug|Any CPU
		{A883E4F0-25DB-437C-B6AA-DE68A2286041}.Debug|Any CPU.Build.0 = Debug|Any CPU
		{A883E4F0-25DB-437C-B6AA-DE68A2286041}.Release|Any CPU.ActiveCfg = Release|Any CPU
		{A883E4F0-25DB-437C-B6AA-DE68A2286041}.Release|Any CPU.Build.0 = Release|Any CPU
		{BB30A135-508B-4580-A0AE-DAC6BE19FF0D}.Debug|Any CPU.ActiveCfg = Debug|Any CPU
		{BB30A135-508B-4580-A0AE-DAC6BE19FF0D}.Debug|Any CPU.Build.0 = Debug|Any CPU
		{BB30A135-508B-4580-A0AE-DAC6BE19FF0D}.Release|Any CPU.ActiveCfg = Release|Any CPU
		{BB30A135-508B-4580-A0AE-DAC6BE19FF0D}.Release|Any CPU.Build.0 = Release|Any CPU
		{EB94EF69-7154-4870-86A7-DA1E87ED7F24}.Debug|Any CPU.ActiveCfg = Debug|Any CPU
		{EB94EF69-7154-4870-86A7-DA1E87ED7F24}.Debug|Any CPU.Build.0 = Debug|Any CPU
		{EB94EF69-7154-4870-86A7-DA1E87ED7F24}.Release|Any CPU.ActiveCfg = Release|Any CPU
		{EB94EF69-7154-4870-86A7-DA1E87ED7F24}.Release|Any CPU.Build.0 = Release|Any CPU
		{1564ECF3-08E7-4283-8E3D-EAD8A1771015}.Debug|Any CPU.ActiveCfg = Debug|Any CPU
		{1564ECF3-08E7-4283-8E3D-EAD8A1771015}.Debug|Any CPU.Build.0 = Debug|Any CPU
		{1564ECF3-08E7-4283-8E3D-EAD8A1771015}.Release|Any CPU.ActiveCfg = Release|Any CPU
		{1564ECF3-08E7-4283-8E3D-EAD8A1771015}.Release|Any CPU.Build.0 = Release|Any CPU
		{F5EAC4BF-3A4E-4AEA-B3F2-639B5794AEEF}.Debug|Any CPU.ActiveCfg = Debug|Any CPU
		{F5EAC4BF-3A4E-4AEA-B3F2-639B5794AEEF}.Debug|Any CPU.Build.0 = Debug|Any CPU
		{F5EAC4BF-3A4E-4AEA-B3F2-639B5794AEEF}.Release|Any CPU.ActiveCfg = Release|Any CPU
		{F5EAC4BF-3A4E-4AEA-B3F2-639B5794AEEF}.Release|Any CPU.Build.0 = Release|Any CPU
		{F135F21F-4E2A-4AD6-89EA-0F0C0867B6C4}.Debug|Any CPU.ActiveCfg = Debug|Any CPU
		{F135F21F-4E2A-4AD6-89EA-0F0C0867B6C4}.Debug|Any CPU.Build.0 = Debug|Any CPU
		{F135F21F-4E2A-4AD6-89EA-0F0C0867B6C4}.Release|Any CPU.ActiveCfg = Release|Any CPU
		{F135F21F-4E2A-4AD6-89EA-0F0C0867B6C4}.Release|Any CPU.Build.0 = Release|Any CPU
		{C76DFE3B-0D02-4981-A0D9-9DC4D36A53FA}.Debug|Any CPU.ActiveCfg = Debug|Any CPU
		{C76DFE3B-0D02-4981-A0D9-9DC4D36A53FA}.Debug|Any CPU.Build.0 = Debug|Any CPU
		{C76DFE3B-0D02-4981-A0D9-9DC4D36A53FA}.Release|Any CPU.ActiveCfg = Release|Any CPU
		{C76DFE3B-0D02-4981-A0D9-9DC4D36A53FA}.Release|Any CPU.Build.0 = Release|Any CPU
		{A31970F2-4269-4B52-B07D-7DB4FAE2268C}.Debug|Any CPU.ActiveCfg = Debug|Any CPU
		{A31970F2-4269-4B52-B07D-7DB4FAE2268C}.Debug|Any CPU.Build.0 = Debug|Any CPU
		{A31970F2-4269-4B52-B07D-7DB4FAE2268C}.Release|Any CPU.ActiveCfg = Release|Any CPU
		{A31970F2-4269-4B52-B07D-7DB4FAE2268C}.Release|Any CPU.Build.0 = Release|Any CPU
		{D1B6DA73-0101-4CAB-8750-B00F43800381}.Debug|Any CPU.ActiveCfg = Debug|Any CPU
		{D1B6DA73-0101-4CAB-8750-B00F43800381}.Debug|Any CPU.Build.0 = Debug|Any CPU
		{D1B6DA73-0101-4CAB-8750-B00F43800381}.Release|Any CPU.ActiveCfg = Release|Any CPU
		{D1B6DA73-0101-4CAB-8750-B00F43800381}.Release|Any CPU.Build.0 = Release|Any CPU
		{660D0215-3769-428D-8242-C16FBBCBE115}.Debug|Any CPU.ActiveCfg = Debug|Any CPU
		{660D0215-3769-428D-8242-C16FBBCBE115}.Debug|Any CPU.Build.0 = Debug|Any CPU
		{660D0215-3769-428D-8242-C16FBBCBE115}.Release|Any CPU.ActiveCfg = Release|Any CPU
		{660D0215-3769-428D-8242-C16FBBCBE115}.Release|Any CPU.Build.0 = Release|Any CPU
		{EE4808DB-F235-48F1-9369-D12A849672DD}.Debug|Any CPU.ActiveCfg = Debug|Any CPU
		{EE4808DB-F235-48F1-9369-D12A849672DD}.Debug|Any CPU.Build.0 = Debug|Any CPU
		{EE4808DB-F235-48F1-9369-D12A849672DD}.Release|Any CPU.ActiveCfg = Release|Any CPU
		{EE4808DB-F235-48F1-9369-D12A849672DD}.Release|Any CPU.Build.0 = Release|Any CPU
		{1D64BE4C-CBF8-411B-827B-DFFEA60BEC20}.Debug|Any CPU.ActiveCfg = Debug|Any CPU
		{1D64BE4C-CBF8-411B-827B-DFFEA60BEC20}.Debug|Any CPU.Build.0 = Debug|Any CPU
		{1D64BE4C-CBF8-411B-827B-DFFEA60BEC20}.Release|Any CPU.ActiveCfg = Release|Any CPU
		{1D64BE4C-CBF8-411B-827B-DFFEA60BEC20}.Release|Any CPU.Build.0 = Release|Any CPU
		{9B6DCF06-E8E9-439E-99F3-5BA56D9B3F7F}.Debug|Any CPU.ActiveCfg = Debug|Any CPU
		{9B6DCF06-E8E9-439E-99F3-5BA56D9B3F7F}.Debug|Any CPU.Build.0 = Debug|Any CPU
		{9B6DCF06-E8E9-439E-99F3-5BA56D9B3F7F}.Release|Any CPU.ActiveCfg = Release|Any CPU
		{9B6DCF06-E8E9-439E-99F3-5BA56D9B3F7F}.Release|Any CPU.Build.0 = Release|Any CPU
		{961D28AB-7B28-4E25-B9B4-29DBC0B6E43F}.Debug|Any CPU.ActiveCfg = Debug|Any CPU
		{961D28AB-7B28-4E25-B9B4-29DBC0B6E43F}.Debug|Any CPU.Build.0 = Debug|Any CPU
		{961D28AB-7B28-4E25-B9B4-29DBC0B6E43F}.Release|Any CPU.ActiveCfg = Release|Any CPU
		{961D28AB-7B28-4E25-B9B4-29DBC0B6E43F}.Release|Any CPU.Build.0 = Release|Any CPU
		{DFD890A9-C5A7-4CE5-ABDA-F3C062774A02}.Debug|Any CPU.ActiveCfg = Debug|Any CPU
		{DFD890A9-C5A7-4CE5-ABDA-F3C062774A02}.Debug|Any CPU.Build.0 = Debug|Any CPU
		{DFD890A9-C5A7-4CE5-ABDA-F3C062774A02}.Release|Any CPU.ActiveCfg = Release|Any CPU
		{DFD890A9-C5A7-4CE5-ABDA-F3C062774A02}.Release|Any CPU.Build.0 = Release|Any CPU
		{684A343D-5D2E-498A-B5EC-D48341392A74}.Debug|Any CPU.ActiveCfg = Debug|Any CPU
		{684A343D-5D2E-498A-B5EC-D48341392A74}.Debug|Any CPU.Build.0 = Debug|Any CPU
		{684A343D-5D2E-498A-B5EC-D48341392A74}.Release|Any CPU.ActiveCfg = Release|Any CPU
		{684A343D-5D2E-498A-B5EC-D48341392A74}.Release|Any CPU.Build.0 = Release|Any CPU
		{1BD119EF-AC73-4A0C-AED8-31848329B472}.Debug|Any CPU.ActiveCfg = Debug|Any CPU
		{1BD119EF-AC73-4A0C-AED8-31848329B472}.Debug|Any CPU.Build.0 = Debug|Any CPU
		{1BD119EF-AC73-4A0C-AED8-31848329B472}.Release|Any CPU.ActiveCfg = Release|Any CPU
		{1BD119EF-AC73-4A0C-AED8-31848329B472}.Release|Any CPU.Build.0 = Release|Any CPU
		{C7348C06-FA21-459A-934C-87AD1041B4F9}.Debug|Any CPU.ActiveCfg = Debug|Any CPU
		{C7348C06-FA21-459A-934C-87AD1041B4F9}.Debug|Any CPU.Build.0 = Debug|Any CPU
		{C7348C06-FA21-459A-934C-87AD1041B4F9}.Release|Any CPU.ActiveCfg = Release|Any CPU
		{C7348C06-FA21-459A-934C-87AD1041B4F9}.Release|Any CPU.Build.0 = Release|Any CPU
		{82F80F29-25BC-4792-916D-FCEF6473B463}.Debug|Any CPU.ActiveCfg = Debug|Any CPU
		{82F80F29-25BC-4792-916D-FCEF6473B463}.Debug|Any CPU.Build.0 = Debug|Any CPU
		{82F80F29-25BC-4792-916D-FCEF6473B463}.Release|Any CPU.ActiveCfg = Release|Any CPU
		{82F80F29-25BC-4792-916D-FCEF6473B463}.Release|Any CPU.Build.0 = Release|Any CPU
		{D4B0B60C-E8D9-4717-B534-54620B6127CB}.Debug|Any CPU.ActiveCfg = Debug|Any CPU
		{D4B0B60C-E8D9-4717-B534-54620B6127CB}.Debug|Any CPU.Build.0 = Debug|Any CPU
		{D4B0B60C-E8D9-4717-B534-54620B6127CB}.Release|Any CPU.ActiveCfg = Release|Any CPU
		{D4B0B60C-E8D9-4717-B534-54620B6127CB}.Release|Any CPU.Build.0 = Release|Any CPU
		{56F5A248-2FD3-4353-82C8-AA25A5B8A07A}.Debug|Any CPU.ActiveCfg = Debug|Any CPU
		{56F5A248-2FD3-4353-82C8-AA25A5B8A07A}.Debug|Any CPU.Build.0 = Debug|Any CPU
		{56F5A248-2FD3-4353-82C8-AA25A5B8A07A}.Release|Any CPU.ActiveCfg = Release|Any CPU
		{56F5A248-2FD3-4353-82C8-AA25A5B8A07A}.Release|Any CPU.Build.0 = Release|Any CPU
		{92691B24-AAAB-421F-BAB4-165B760E0DD4}.Debug|Any CPU.ActiveCfg = Debug|Any CPU
		{92691B24-AAAB-421F-BAB4-165B760E0DD4}.Debug|Any CPU.Build.0 = Debug|Any CPU
		{92691B24-AAAB-421F-BAB4-165B760E0DD4}.Release|Any CPU.ActiveCfg = Release|Any CPU
		{92691B24-AAAB-421F-BAB4-165B760E0DD4}.Release|Any CPU.Build.0 = Release|Any CPU
		{31D09E09-482E-474D-A63B-8D68130C9200}.Debug|Any CPU.ActiveCfg = Debug|Any CPU
		{31D09E09-482E-474D-A63B-8D68130C9200}.Debug|Any CPU.Build.0 = Debug|Any CPU
		{31D09E09-482E-474D-A63B-8D68130C9200}.Release|Any CPU.ActiveCfg = Release|Any CPU
		{31D09E09-482E-474D-A63B-8D68130C9200}.Release|Any CPU.Build.0 = Release|Any CPU
		{7B712BA2-699D-467F-A7EF-489C3057FB00}.Debug|Any CPU.ActiveCfg = Debug|Any CPU
		{7B712BA2-699D-467F-A7EF-489C3057FB00}.Debug|Any CPU.Build.0 = Debug|Any CPU
		{7B712BA2-699D-467F-A7EF-489C3057FB00}.Release|Any CPU.ActiveCfg = Release|Any CPU
		{7B712BA2-699D-467F-A7EF-489C3057FB00}.Release|Any CPU.Build.0 = Release|Any CPU
		{9E712C36-3A6D-46C4-B8E9-9CA3D93E2A59}.Debug|Any CPU.ActiveCfg = Debug|Any CPU
		{9E712C36-3A6D-46C4-B8E9-9CA3D93E2A59}.Debug|Any CPU.Build.0 = Debug|Any CPU
		{9E712C36-3A6D-46C4-B8E9-9CA3D93E2A59}.Release|Any CPU.ActiveCfg = Release|Any CPU
		{9E712C36-3A6D-46C4-B8E9-9CA3D93E2A59}.Release|Any CPU.Build.0 = Release|Any CPU
		{F65496F9-13FD-4E86-BB51-E278A6C2B489}.Debug|Any CPU.ActiveCfg = Debug|Any CPU
		{F65496F9-13FD-4E86-BB51-E278A6C2B489}.Debug|Any CPU.Build.0 = Debug|Any CPU
		{F65496F9-13FD-4E86-BB51-E278A6C2B489}.Release|Any CPU.ActiveCfg = Release|Any CPU
		{F65496F9-13FD-4E86-BB51-E278A6C2B489}.Release|Any CPU.Build.0 = Release|Any CPU
		{B7F4E299-91FE-46FC-B1B7-501BFBA413CC}.Debug|Any CPU.ActiveCfg = Debug|Any CPU
		{B7F4E299-91FE-46FC-B1B7-501BFBA413CC}.Debug|Any CPU.Build.0 = Debug|Any CPU
		{B7F4E299-91FE-46FC-B1B7-501BFBA413CC}.Release|Any CPU.ActiveCfg = Release|Any CPU
		{B7F4E299-91FE-46FC-B1B7-501BFBA413CC}.Release|Any CPU.Build.0 = Release|Any CPU
	EndGlobalSection
	GlobalSection(SolutionProperties) = preSolution
		HideSolutionNode = FALSE
	EndGlobalSection
	GlobalSection(NestedProjects) = preSolution
		{F211803B-A33D-41BB-B3A2-A32E3EA9D578} = {CB18C793-DA91-48D1-8358-6FC34E461A83}
		{63EC0923-8D7D-46F9-94BE-2248F81BE034} = {CB18C793-DA91-48D1-8358-6FC34E461A83}
		{64FA9535-C999-4696-8B0F-5F3987BB4402} = {CB18C793-DA91-48D1-8358-6FC34E461A83}
		{FBE847D6-CB1B-4744-98DD-554B2CAEA357} = {CB18C793-DA91-48D1-8358-6FC34E461A83}
		{A883E4F0-25DB-437C-B6AA-DE68A2286041} = {CB18C793-DA91-48D1-8358-6FC34E461A83}
		{BB30A135-508B-4580-A0AE-DAC6BE19FF0D} = {CB18C793-DA91-48D1-8358-6FC34E461A83}
		{EB94EF69-7154-4870-86A7-DA1E87ED7F24} = {CB18C793-DA91-48D1-8358-6FC34E461A83}
		{1564ECF3-08E7-4283-8E3D-EAD8A1771015} = {CB18C793-DA91-48D1-8358-6FC34E461A83}
		{F5EAC4BF-3A4E-4AEA-B3F2-639B5794AEEF} = {CB18C793-DA91-48D1-8358-6FC34E461A83}
		{F135F21F-4E2A-4AD6-89EA-0F0C0867B6C4} = {3BA5116B-00EC-46B5-823D-B118E1F32F4C}
		{C76DFE3B-0D02-4981-A0D9-9DC4D36A53FA} = {3BA5116B-00EC-46B5-823D-B118E1F32F4C}
		{A31970F2-4269-4B52-B07D-7DB4FAE2268C} = {3BA5116B-00EC-46B5-823D-B118E1F32F4C}
		{D1B6DA73-0101-4CAB-8750-B00F43800381} = {0F7BDCCC-566F-462C-99E6-7D230F384776}
		{660D0215-3769-428D-8242-C16FBBCBE115} = {0F7BDCCC-566F-462C-99E6-7D230F384776}
		{EE4808DB-F235-48F1-9369-D12A849672DD} = {0F7BDCCC-566F-462C-99E6-7D230F384776}
		{1D64BE4C-CBF8-411B-827B-DFFEA60BEC20} = {0F7BDCCC-566F-462C-99E6-7D230F384776}
		{9B6DCF06-E8E9-439E-99F3-5BA56D9B3F7F} = {56F2AB34-B9D3-42BA-A51F-CDFAD216B9DF}
		{961D28AB-7B28-4E25-B9B4-29DBC0B6E43F} = {56F2AB34-B9D3-42BA-A51F-CDFAD216B9DF}
		{DFD890A9-C5A7-4CE5-ABDA-F3C062774A02} = {0F7BDCCC-566F-462C-99E6-7D230F384776}
		{684A343D-5D2E-498A-B5EC-D48341392A74} = {9374C4E0-69A8-4E89-BCE1-D31A295A8D25}
		{1BD119EF-AC73-4A0C-AED8-31848329B472} = {9374C4E0-69A8-4E89-BCE1-D31A295A8D25}
		{05F97BCB-8397-42D2-81C3-2C64FE53075A} = {9374C4E0-69A8-4E89-BCE1-D31A295A8D25}
		{C7348C06-FA21-459A-934C-87AD1041B4F9} = {05F97BCB-8397-42D2-81C3-2C64FE53075A}
		{82F80F29-25BC-4792-916D-FCEF6473B463} = {05F97BCB-8397-42D2-81C3-2C64FE53075A}
		{D4B0B60C-E8D9-4717-B534-54620B6127CB} = {7D40A560-68BC-4C00-AEBB-4C465FCA027C}
		{56F5A248-2FD3-4353-82C8-AA25A5B8A07A} = {7D40A560-68BC-4C00-AEBB-4C465FCA027C}
		{92691B24-AAAB-421F-BAB4-165B760E0DD4} = {7D40A560-68BC-4C00-AEBB-4C465FCA027C}
		{31D09E09-482E-474D-A63B-8D68130C9200} = {A6F276C1-5320-4306-9F54-1FD5EE5A6DFF}
		{7B712BA2-699D-467F-A7EF-489C3057FB00} = {A6F276C1-5320-4306-9F54-1FD5EE5A6DFF}
		{9E712C36-3A6D-46C4-B8E9-9CA3D93E2A59} = {70FEEC17-2241-40BD-9E38-773C65FEB4D6}
		{F65496F9-13FD-4E86-BB51-E278A6C2B489} = {00151ED0-7236-4DE4-87FA-7095634D8958}
		{B7F4E299-91FE-46FC-B1B7-501BFBA413CC} = {00151ED0-7236-4DE4-87FA-7095634D8958}
	EndGlobalSection
	GlobalSection(ExtensibilityGlobals) = postSolution
		SolutionGuid = {C084BF19-D455-4123-ACB1-748B62565BB3}
	EndGlobalSection
EndGlobal
