
Microsoft Visual Studio Solution File, Format Version 12.00
# Visual Studio Version 16
VisualStudioVersion = 16.0.30523.141
MinimumVisualStudioVersion = 10.0.40219.1
Project("{FAE04EC0-301F-11D3-BF4B-00C04F79EFBC}") = "DNP_FamilyOverview1", "DNP_FamilyOverview1.csproj", "{FCDB4D45-8BF0-4A8D-8D10-387ADF83A040}"
EndProject
Global
	GlobalSection(SolutionConfigurationPlatforms) = preSolution
		Debug|Any CPU = Debug|Any CPU
		Release|Any CPU = Release|Any CPU
	EndGlobalSection
	GlobalSection(ProjectConfigurationPlatforms) = postSolution
		{FCDB4D45-8BF0-4A8D-8D10-387ADF83A040}.Debug|Any CPU.ActiveCfg = Debug|Any CPU
		{FCDB4D45-8BF0-4A8D-8D10-387ADF83A040}.Debug|Any CPU.Build.0 = Debug|Any CPU
		{FCDB4D45-8BF0-4A8D-8D10-387ADF83A040}.Release|Any CPU.ActiveCfg = Release|Any CPU
		{FCDB4D45-8BF0-4A8D-8D10-387ADF83A040}.Release|Any CPU.Build.0 = Release|Any CPU
	EndGlobalSection
	GlobalSection(SolutionProperties) = preSolution
		HideSolutionNode = FALSE
	EndGlobalSection
	GlobalSection(ExtensibilityGlobals) = postSolution
		SolutionGuid = {4377CA3C-AE82-4E17-8790-B58205752B3A}
	EndGlobalSection
EndGlobal
